
Microsoft Visual Studio Solution File, Format Version 12.00
# Visual Studio Version 17
VisualStudioVersion = 17.2.32526.322
MinimumVisualStudioVersion = 10.0.40219.1
Project("{FAE04EC0-301F-11D3-BF4B-00C04F79EFBC}") = "Chef", "Chef\Chef.csproj", "{CBF772D0-FC55-4888-BBC5-122E5B058200}"
EndProject
Project("{FAE04EC0-301F-11D3-BF4B-00C04F79EFBC}") = "ConsoleClient", "ConsoleClient\ConsoleClient.csproj", "{6DF019C5-2A66-40E7-9021-9D30C4CDC986}"
EndProject
Global
	GlobalSection(SolutionConfigurationPlatforms) = preSolution
		Debug|Any CPU = Debug|Any CPU
		Release|Any CPU = Release|Any CPU
	EndGlobalSection
	GlobalSection(ProjectConfigurationPlatforms) = postSolution
		{CBF772D0-FC55-4888-BBC5-122E5B058200}.Debug|Any CPU.ActiveCfg = Debug|Any CPU
		{CBF772D0-FC55-4888-BBC5-122E5B058200}.Debug|Any CPU.Build.0 = Debug|Any CPU
		{CBF772D0-FC55-4888-BBC5-122E5B058200}.Release|Any CPU.ActiveCfg = Release|Any CPU
		{CBF772D0-FC55-4888-BBC5-122E5B058200}.Release|Any CPU.Build.0 = Release|Any CPU
		{6DF019C5-2A66-40E7-9021-9D30C4CDC986}.Debug|Any CPU.ActiveCfg = Debug|Any CPU
		{6DF019C5-2A66-40E7-9021-9D30C4CDC986}.Debug|Any CPU.Build.0 = Debug|Any CPU
		{6DF019C5-2A66-40E7-9021-9D30C4CDC986}.Release|Any CPU.ActiveCfg = Release|Any CPU
		{6DF019C5-2A66-40E7-9021-9D30C4CDC986}.Release|Any CPU.Build.0 = Release|Any CPU
	EndGlobalSection
	GlobalSection(SolutionProperties) = preSolution
		HideSolutionNode = FALSE
	EndGlobalSection
	GlobalSection(ExtensibilityGlobals) = postSolution
		SolutionGuid = {BD767397-7FA0-4BB5-B5F0-61F64014E12C}
	EndGlobalSection
EndGlobal
